
Microsoft Visual Studio Solution File, Format Version 12.00
# Visual Studio Version 17
VisualStudioVersion = 17.6.33829.357
MinimumVisualStudioVersion = 10.0.40219.1
Project("{FAE04EC0-301F-11D3-BF4B-00C04F79EFBC}") = "fileChanger", "fileChanger.csproj", "{0EAC2B2F-00AE-4B77-A183-78B0E1157F15}"
EndProject
Global
	GlobalSection(SolutionConfigurationPlatforms) = preSolution
		Debug|Any CPU = Debug|Any CPU
		Release|Any CPU = Release|Any CPU
	EndGlobalSection
	GlobalSection(ProjectConfigurationPlatforms) = postSolution
		{0EAC2B2F-00AE-4B77-A183-78B0E1157F15}.Debug|Any CPU.ActiveCfg = Debug|Any CPU
		{0EAC2B2F-00AE-4B77-A183-78B0E1157F15}.Debug|Any CPU.Build.0 = Debug|Any CPU
		{0EAC2B2F-00AE-4B77-A183-78B0E1157F15}.Release|Any CPU.ActiveCfg = Release|Any CPU
		{0EAC2B2F-00AE-4B77-A183-78B0E1157F15}.Release|Any CPU.Build.0 = Release|Any CPU
	EndGlobalSection
	GlobalSection(SolutionProperties) = preSolution
		HideSolutionNode = FALSE
	EndGlobalSection
	GlobalSection(ExtensibilityGlobals) = postSolution
		SolutionGuid = {3814D680-8E01-45B7-9E1C-2F5953093790}
	EndGlobalSection
EndGlobal
